
Microsoft Visual Studio Solution File, Format Version 12.00
# Visual Studio Version 17
VisualStudioVersion = 17.4.33213.308
MinimumVisualStudioVersion = 10.0.40219.1
Project("{FAE04EC0-301F-11D3-BF4B-00C04F79EFBC}") = "the fan's guide", "the fan's guide\the fan's guide.csproj", "{D29E3905-A634-4677-8409-A925BED02C49}"
EndProject
Global
	GlobalSection(SolutionConfigurationPlatforms) = preSolution
		Debug|Any CPU = Debug|Any CPU
		Release|Any CPU = Release|Any CPU
	EndGlobalSection
	GlobalSection(ProjectConfigurationPlatforms) = postSolution
		{D29E3905-A634-4677-8409-A925BED02C49}.Debug|Any CPU.ActiveCfg = Debug|Any CPU
		{D29E3905-A634-4677-8409-A925BED02C49}.Debug|Any CPU.Build.0 = Debug|Any CPU
		{D29E3905-A634-4677-8409-A925BED02C49}.Release|Any CPU.ActiveCfg = Release|Any CPU
		{D29E3905-A634-4677-8409-A925BED02C49}.Release|Any CPU.Build.0 = Release|Any CPU
	EndGlobalSection
	GlobalSection(SolutionProperties) = preSolution
		HideSolutionNode = FALSE
	EndGlobalSection
	GlobalSection(ExtensibilityGlobals) = postSolution
		SolutionGuid = {ACEFE7A7-CAAD-4866-A2E6-2ECCF40C8094}
	EndGlobalSection
EndGlobal
